
Microsoft Visual Studio Solution File, Format Version 12.00
# Visual Studio 2012
Project("{FAE04EC0-301F-11D3-BF4B-00C04F79EFBC}") = "Machine GUI", "Machine GUI\Machine GUI.csproj", "{CF22335D-E4B3-4096-828F-F3A0DB829068}"
EndProject
Global
	GlobalSection(SolutionConfigurationPlatforms) = preSolution
		Debug|Any CPU = Debug|Any CPU
		Release|Any CPU = Release|Any CPU
	EndGlobalSection
	GlobalSection(ProjectConfigurationPlatforms) = postSolution
		{CF22335D-E4B3-4096-828F-F3A0DB829068}.Debug|Any CPU.ActiveCfg = Debug|Any CPU
		{CF22335D-E4B3-4096-828F-F3A0DB829068}.Debug|Any CPU.Build.0 = Debug|Any CPU
		{CF22335D-E4B3-4096-828F-F3A0DB829068}.Release|Any CPU.ActiveCfg = Release|Any CPU
		{CF22335D-E4B3-4096-828F-F3A0DB829068}.Release|Any CPU.Build.0 = Release|Any CPU
	EndGlobalSection
	GlobalSection(SolutionProperties) = preSolution
		HideSolutionNode = FALSE
	EndGlobalSection
EndGlobal
